
Microsoft Visual Studio Solution File, Format Version 12.00
# Visual Studio 15
VisualStudioVersion = 15.0.26430.14
MinimumVisualStudioVersion = 10.0.40219.1
Project("{2150E333-8FDC-42A3-9474-1A3956D46DE8}") = "src", "src", "{697E1D1B-9F8F-4F1E-A721-94AD16043457}"
EndProject
Project("{2150E333-8FDC-42A3-9474-1A3956D46DE8}") = "test", "test", "{094E158F-906F-483B-93D6-A2BD179C6619}"
EndProject
Project("{FAE04EC0-301F-11D3-BF4B-00C04F79EFBC}") = "SharpBlueprint.Client", "src\SharpBlueprint.Client\SharpBlueprint.Client.csproj", "{5900C1C7-D9F2-4DD3-8B99-98A2B23E33BB}"
EndProject
Project("{FAE04EC0-301F-11D3-BF4B-00C04F79EFBC}") = "SharpBlueprint.Client.Tests", "test\SharpBlueprint.Client.Tests\SharpBlueprint.Client.Tests.csproj", "{58F019D5-17DF-4976-9BCE-3095688CADD6}"
EndProject
Global
	GlobalSection(SolutionConfigurationPlatforms) = preSolution
		Debug|Any CPU = Debug|Any CPU
		Release|Any CPU = Release|Any CPU
	EndGlobalSection
	GlobalSection(ProjectConfigurationPlatforms) = postSolution
		{5900C1C7-D9F2-4DD3-8B99-98A2B23E33BB}.Debug|Any CPU.ActiveCfg = Debug|Any CPU
		{5900C1C7-D9F2-4DD3-8B99-98A2B23E33BB}.Debug|Any CPU.Build.0 = Debug|Any CPU
		{5900C1C7-D9F2-4DD3-8B99-98A2B23E33BB}.Release|Any CPU.ActiveCfg = Release|Any CPU
		{5900C1C7-D9F2-4DD3-8B99-98A2B23E33BB}.Release|Any CPU.Build.0 = Release|Any CPU
		{58F019D5-17DF-4976-9BCE-3095688CADD6}.Debug|Any CPU.ActiveCfg = Debug|Any CPU
		{58F019D5-17DF-4976-9BCE-3095688CADD6}.Debug|Any CPU.Build.0 = Debug|Any CPU
		{58F019D5-17DF-4976-9BCE-3095688CADD6}.Release|Any CPU.ActiveCfg = Release|Any CPU
		{58F019D5-17DF-4976-9BCE-3095688CADD6}.Release|Any CPU.Build.0 = Release|Any CPU
	EndGlobalSection
	GlobalSection(SolutionProperties) = preSolution
		HideSolutionNode = FALSE
	EndGlobalSection
	GlobalSection(NestedProjects) = preSolution
		{5900C1C7-D9F2-4DD3-8B99-98A2B23E33BB} = {697E1D1B-9F8F-4F1E-A721-94AD16043457}
		{58F019D5-17DF-4976-9BCE-3095688CADD6} = {094E158F-906F-483B-93D6-A2BD179C6619}
	EndGlobalSection
EndGlobal
