
Microsoft Visual Studio Solution File, Format Version 12.00
# Visual Studio 14
VisualStudioVersion = 14.0.25420.1
MinimumVisualStudioVersion = 10.0.40219.1
Project("{2150E333-8FDC-42A3-9474-1A3956D46DE8}") = "build", "build", "{4E502C26-A691-46EB-98ED-0D148D0B4261}"
	ProjectSection(SolutionItems) = preProject
		build\default.ps1 = build\default.ps1
		build\helpers.ps1 = build\helpers.ps1
		build\PublishAssemblies.targets = build\PublishAssemblies.targets
	EndProjectSection
EndProject
Project("{2150E333-8FDC-42A3-9474-1A3956D46DE8}") = "src", "src", "{A11FA77E-590D-4BA6-B4BD-065618C9AE23}"
EndProject
Project("{2150E333-8FDC-42A3-9474-1A3956D46DE8}") = "test", "test", "{EBD343FD-C624-444E-9334-D4D07CBBC8A6}"
EndProject
Project("{8BB2217D-0F2D-49D1-97BC-3654ED321F3B}") = "SharpBlueprint.Client", "src\SharpBlueprint.Client\SharpBlueprint.Client.xproj", "{B85CEAD2-C475-42A6-9155-D22918B4551B}"
EndProject
Project("{8BB2217D-0F2D-49D1-97BC-3654ED321F3B}") = "SharpBlueprint.Client.Tests", "test\SharpBlueprint.Client.Tests\SharpBlueprint.Client.Tests.xproj", "{9E0B46F5-F615-4DA3-BADA-0A8571E95BAF}"
EndProject
Project("{2150E333-8FDC-42A3-9474-1A3956D46DE8}") = "Solution Items", "Solution Items", "{2020466E-C659-49AF-A432-62DD4880FF1C}"
	ProjectSection(SolutionItems) = preProject
		appveyor.yml = appveyor.yml
		build.ps1 = build.ps1
		global.json = global.json
		NuGet.config = NuGet.config
		packages.config = packages.config
		README.md = README.md
		SharpBlueprint.Client.nuspec = SharpBlueprint.Client.nuspec
	EndProjectSection
EndProject
Global
	GlobalSection(SolutionConfigurationPlatforms) = preSolution
		Debug|Any CPU = Debug|Any CPU
		Release|Any CPU = Release|Any CPU
	EndGlobalSection
	GlobalSection(ProjectConfigurationPlatforms) = postSolution
		{B85CEAD2-C475-42A6-9155-D22918B4551B}.Debug|Any CPU.ActiveCfg = Debug|Any CPU
		{B85CEAD2-C475-42A6-9155-D22918B4551B}.Release|Any CPU.ActiveCfg = Release|Any CPU
		{9E0B46F5-F615-4DA3-BADA-0A8571E95BAF}.Debug|Any CPU.ActiveCfg = Debug|Any CPU
		{9E0B46F5-F615-4DA3-BADA-0A8571E95BAF}.Release|Any CPU.ActiveCfg = Release|Any CPU
	EndGlobalSection
	GlobalSection(SolutionProperties) = preSolution
		HideSolutionNode = FALSE
	EndGlobalSection
	GlobalSection(NestedProjects) = preSolution
		{B85CEAD2-C475-42A6-9155-D22918B4551B} = {A11FA77E-590D-4BA6-B4BD-065618C9AE23}
		{9E0B46F5-F615-4DA3-BADA-0A8571E95BAF} = {EBD343FD-C624-444E-9334-D4D07CBBC8A6}
	EndGlobalSection
EndGlobal
